
Microsoft Visual Studio Solution File, Format Version 12.00
# Visual Studio Version 16
VisualStudioVersion = 16.0.30503.244
MinimumVisualStudioVersion = 10.0.40219.1
Project("{FAE04EC0-301F-11D3-BF4B-00C04F79EFBC}") = "Composite_01", "Composite_01.csproj", "{5F59A247-7C6F-4702-9019-0A1D0271AD6F}"
EndProject
Global
	GlobalSection(SolutionConfigurationPlatforms) = preSolution
		Debug|Any CPU = Debug|Any CPU
		Release|Any CPU = Release|Any CPU
	EndGlobalSection
	GlobalSection(ProjectConfigurationPlatforms) = postSolution
		{5F59A247-7C6F-4702-9019-0A1D0271AD6F}.Debug|Any CPU.ActiveCfg = Debug|Any CPU
		{5F59A247-7C6F-4702-9019-0A1D0271AD6F}.Debug|Any CPU.Build.0 = Debug|Any CPU
		{5F59A247-7C6F-4702-9019-0A1D0271AD6F}.Release|Any CPU.ActiveCfg = Release|Any CPU
		{5F59A247-7C6F-4702-9019-0A1D0271AD6F}.Release|Any CPU.Build.0 = Release|Any CPU
	EndGlobalSection
	GlobalSection(SolutionProperties) = preSolution
		HideSolutionNode = FALSE
	EndGlobalSection
	GlobalSection(ExtensibilityGlobals) = postSolution
		SolutionGuid = {FB7C6174-5025-4CC4-865A-B5DEA4AE4512}
	EndGlobalSection
EndGlobal
