
Microsoft Visual Studio Solution File, Format Version 12.00
# Visual Studio Version 16
VisualStudioVersion = 16.0.30503.244
MinimumVisualStudioVersion = 10.0.40219.1
Project("{FAE04EC0-301F-11D3-BF4B-00C04F79EFBC}") = "Decorator_01", "Decorator_01.csproj", "{E400EBDC-66ED-4AA9-948E-5EB7115A2546}"
EndProject
Project("{FAE04EC0-301F-11D3-BF4B-00C04F79EFBC}") = "Decorator_02", "..\Decorator_02\Decorator_02.csproj", "{1F112FAE-3D68-4974-9CCB-5551146BF677}"
EndProject
Global
	GlobalSection(SolutionConfigurationPlatforms) = preSolution
		Debug|Any CPU = Debug|Any CPU
		Release|Any CPU = Release|Any CPU
	EndGlobalSection
	GlobalSection(ProjectConfigurationPlatforms) = postSolution
		{E400EBDC-66ED-4AA9-948E-5EB7115A2546}.Debug|Any CPU.ActiveCfg = Debug|Any CPU
		{E400EBDC-66ED-4AA9-948E-5EB7115A2546}.Debug|Any CPU.Build.0 = Debug|Any CPU
		{E400EBDC-66ED-4AA9-948E-5EB7115A2546}.Release|Any CPU.ActiveCfg = Release|Any CPU
		{E400EBDC-66ED-4AA9-948E-5EB7115A2546}.Release|Any CPU.Build.0 = Release|Any CPU
		{1F112FAE-3D68-4974-9CCB-5551146BF677}.Debug|Any CPU.ActiveCfg = Debug|Any CPU
		{1F112FAE-3D68-4974-9CCB-5551146BF677}.Debug|Any CPU.Build.0 = Debug|Any CPU
		{1F112FAE-3D68-4974-9CCB-5551146BF677}.Release|Any CPU.ActiveCfg = Release|Any CPU
		{1F112FAE-3D68-4974-9CCB-5551146BF677}.Release|Any CPU.Build.0 = Release|Any CPU
	EndGlobalSection
	GlobalSection(SolutionProperties) = preSolution
		HideSolutionNode = FALSE
	EndGlobalSection
	GlobalSection(ExtensibilityGlobals) = postSolution
		SolutionGuid = {C5C63E44-226F-4C9B-B1B0-ADCDF2611E92}
	EndGlobalSection
EndGlobal
