
Microsoft Visual Studio Solution File, Format Version 12.00
# Visual Studio Version 16
VisualStudioVersion = 16.0.30611.23
MinimumVisualStudioVersion = 10.0.40219.1
Project("{FAE04EC0-301F-11D3-BF4B-00C04F79EFBC}") = "Observer_01(Pull Model)", "Observer_01(Pull Model).csproj", "{E932AD99-1101-4CC4-9EAF-DBBCE62413C8}"
EndProject
Project("{FAE04EC0-301F-11D3-BF4B-00C04F79EFBC}") = "Observer_02(Push Model)", "..\Observer_02(Push Model)\Observer_02(Push Model).csproj", "{8E78E316-1CD1-42D4-99FD-C2AE91FEFA76}"
EndProject
Project("{FAE04EC0-301F-11D3-BF4B-00C04F79EFBC}") = "IObserver_03", "..\IObserver_03\IObserver_03.csproj", "{9BE1466E-48E1-42B7-93AB-F19937EE58B2}"
EndProject
Global
	GlobalSection(SolutionConfigurationPlatforms) = preSolution
		Debug|Any CPU = Debug|Any CPU
		Release|Any CPU = Release|Any CPU
	EndGlobalSection
	GlobalSection(ProjectConfigurationPlatforms) = postSolution
		{E932AD99-1101-4CC4-9EAF-DBBCE62413C8}.Debug|Any CPU.ActiveCfg = Debug|Any CPU
		{E932AD99-1101-4CC4-9EAF-DBBCE62413C8}.Debug|Any CPU.Build.0 = Debug|Any CPU
		{E932AD99-1101-4CC4-9EAF-DBBCE62413C8}.Release|Any CPU.ActiveCfg = Release|Any CPU
		{E932AD99-1101-4CC4-9EAF-DBBCE62413C8}.Release|Any CPU.Build.0 = Release|Any CPU
		{8E78E316-1CD1-42D4-99FD-C2AE91FEFA76}.Debug|Any CPU.ActiveCfg = Debug|Any CPU
		{8E78E316-1CD1-42D4-99FD-C2AE91FEFA76}.Debug|Any CPU.Build.0 = Debug|Any CPU
		{8E78E316-1CD1-42D4-99FD-C2AE91FEFA76}.Release|Any CPU.ActiveCfg = Release|Any CPU
		{8E78E316-1CD1-42D4-99FD-C2AE91FEFA76}.Release|Any CPU.Build.0 = Release|Any CPU
		{9BE1466E-48E1-42B7-93AB-F19937EE58B2}.Debug|Any CPU.ActiveCfg = Debug|Any CPU
		{9BE1466E-48E1-42B7-93AB-F19937EE58B2}.Debug|Any CPU.Build.0 = Debug|Any CPU
		{9BE1466E-48E1-42B7-93AB-F19937EE58B2}.Release|Any CPU.ActiveCfg = Release|Any CPU
		{9BE1466E-48E1-42B7-93AB-F19937EE58B2}.Release|Any CPU.Build.0 = Release|Any CPU
	EndGlobalSection
	GlobalSection(SolutionProperties) = preSolution
		HideSolutionNode = FALSE
	EndGlobalSection
	GlobalSection(ExtensibilityGlobals) = postSolution
		SolutionGuid = {2F476276-5697-4A8D-BD9A-0240322297FA}
	EndGlobalSection
EndGlobal
